
Microsoft Visual Studio Solution File, Format Version 12.00
# Visual Studio Version 17
VisualStudioVersion = 17.0.31903.59
MinimumVisualStudioVersion = 10.0.40219.1
Project("{2150E333-8FDC-42A3-9474-1A3956D46DE8}") = "src", "src", "{827E0CD3-B72D-47B6-A68D-7590B98EB39B}"
EndProject
Project("{FAE04EC0-301F-11D3-BF4B-00C04F79EFBC}") = "DotnetMls.Crypto", "src\DotnetMls.Crypto\DotnetMls.Crypto.csproj", "{5394D566-69B2-4E01-8FD9-4D424508B500}"
EndProject
Project("{FAE04EC0-301F-11D3-BF4B-00C04F79EFBC}") = "DotnetMls", "src\DotnetMls\DotnetMls.csproj", "{D2827D58-2A7C-464C-8C0F-F769C1E011E2}"
EndProject
Project("{FAE04EC0-301F-11D3-BF4B-00C04F79EFBC}") = "DotnetMls.Crypto.Tests", "tests\DotnetMls.Crypto.Tests\DotnetMls.Crypto.Tests.csproj", "{444E4C71-1079-4F33-9921-3992FBE5A698}"
EndProject
Project("{FAE04EC0-301F-11D3-BF4B-00C04F79EFBC}") = "DotnetMls.Tests", "tests\DotnetMls.Tests\DotnetMls.Tests.csproj", "{BA3A1CFF-F454-4640-B5FC-44CBD2CA4A7A}"
EndProject
Project("{2150E333-8FDC-42A3-9474-1A3956D46DE8}") = "benchmarks", "benchmarks", "{66320409-64EC-F7C5-3DEF-65E7510DAAD1}"
EndProject
Project("{FAE04EC0-301F-11D3-BF4B-00C04F79EFBC}") = "DotnetMls.Benchmarks", "benchmarks\DotnetMls.Benchmarks\DotnetMls.Benchmarks.csproj", "{BE7B4DCA-F31D-4996-B799-F625DC6B1460}"
EndProject
Global
	GlobalSection(SolutionConfigurationPlatforms) = preSolution
		Debug|Any CPU = Debug|Any CPU
		Debug|x64 = Debug|x64
		Debug|x86 = Debug|x86
		Release|Any CPU = Release|Any CPU
		Release|x64 = Release|x64
		Release|x86 = Release|x86
	EndGlobalSection
	GlobalSection(ProjectConfigurationPlatforms) = postSolution
		{5394D566-69B2-4E01-8FD9-4D424508B500}.Debug|Any CPU.ActiveCfg = Debug|Any CPU
		{5394D566-69B2-4E01-8FD9-4D424508B500}.Debug|Any CPU.Build.0 = Debug|Any CPU
		{5394D566-69B2-4E01-8FD9-4D424508B500}.Debug|x64.ActiveCfg = Debug|Any CPU
		{5394D566-69B2-4E01-8FD9-4D424508B500}.Debug|x64.Build.0 = Debug|Any CPU
		{5394D566-69B2-4E01-8FD9-4D424508B500}.Debug|x86.ActiveCfg = Debug|Any CPU
		{5394D566-69B2-4E01-8FD9-4D424508B500}.Debug|x86.Build.0 = Debug|Any CPU
		{5394D566-69B2-4E01-8FD9-4D424508B500}.Release|Any CPU.ActiveCfg = Release|Any CPU
		{5394D566-69B2-4E01-8FD9-4D424508B500}.Release|Any CPU.Build.0 = Release|Any CPU
		{5394D566-69B2-4E01-8FD9-4D424508B500}.Release|x64.ActiveCfg = Release|Any CPU
		{5394D566-69B2-4E01-8FD9-4D424508B500}.Release|x64.Build.0 = Release|Any CPU
		{5394D566-69B2-4E01-8FD9-4D424508B500}.Release|x86.ActiveCfg = Release|Any CPU
		{5394D566-69B2-4E01-8FD9-4D424508B500}.Release|x86.Build.0 = Release|Any CPU
		{D2827D58-2A7C-464C-8C0F-F769C1E011E2}.Debug|Any CPU.ActiveCfg = Debug|Any CPU
		{D2827D58-2A7C-464C-8C0F-F769C1E011E2}.Debug|Any CPU.Build.0 = Debug|Any CPU
		{D2827D58-2A7C-464C-8C0F-F769C1E011E2}.Debug|x64.ActiveCfg = Debug|Any CPU
		{D2827D58-2A7C-464C-8C0F-F769C1E011E2}.Debug|x64.Build.0 = Debug|Any CPU
		{D2827D58-2A7C-464C-8C0F-F769C1E011E2}.Debug|x86.ActiveCfg = Debug|Any CPU
		{D2827D58-2A7C-464C-8C0F-F769C1E011E2}.Debug|x86.Build.0 = Debug|Any CPU
		{D2827D58-2A7C-464C-8C0F-F769C1E011E2}.Release|Any CPU.ActiveCfg = Release|Any CPU
		{D2827D58-2A7C-464C-8C0F-F769C1E011E2}.Release|Any CPU.Build.0 = Release|Any CPU
		{D2827D58-2A7C-464C-8C0F-F769C1E011E2}.Release|x64.ActiveCfg = Release|Any CPU
		{D2827D58-2A7C-464C-8C0F-F769C1E011E2}.Release|x64.Build.0 = Release|Any CPU
		{D2827D58-2A7C-464C-8C0F-F769C1E011E2}.Release|x86.ActiveCfg = Release|Any CPU
		{D2827D58-2A7C-464C-8C0F-F769C1E011E2}.Release|x86.Build.0 = Release|Any CPU
		{444E4C71-1079-4F33-9921-3992FBE5A698}.Debug|Any CPU.ActiveCfg = Debug|Any CPU
		{444E4C71-1079-4F33-9921-3992FBE5A698}.Debug|Any CPU.Build.0 = Debug|Any CPU
		{444E4C71-1079-4F33-9921-3992FBE5A698}.Debug|x64.ActiveCfg = Debug|Any CPU
		{444E4C71-1079-4F33-9921-3992FBE5A698}.Debug|x64.Build.0 = Debug|Any CPU
		{444E4C71-1079-4F33-9921-3992FBE5A698}.Debug|x86.ActiveCfg = Debug|Any CPU
		{444E4C71-1079-4F33-9921-3992FBE5A698}.Debug|x86.Build.0 = Debug|Any CPU
		{444E4C71-1079-4F33-9921-3992FBE5A698}.Release|Any CPU.ActiveCfg = Release|Any CPU
		{444E4C71-1079-4F33-9921-3992FBE5A698}.Release|Any CPU.Build.0 = Release|Any CPU
		{444E4C71-1079-4F33-9921-3992FBE5A698}.Release|x64.ActiveCfg = Release|Any CPU
		{444E4C71-1079-4F33-9921-3992FBE5A698}.Release|x64.Build.0 = Release|Any CPU
		{444E4C71-1079-4F33-9921-3992FBE5A698}.Release|x86.ActiveCfg = Release|Any CPU
		{444E4C71-1079-4F33-9921-3992FBE5A698}.Release|x86.Build.0 = Release|Any CPU
		{BA3A1CFF-F454-4640-B5FC-44CBD2CA4A7A}.Debug|Any CPU.ActiveCfg = Debug|Any CPU
		{BA3A1CFF-F454-4640-B5FC-44CBD2CA4A7A}.Debug|Any CPU.Build.0 = Debug|Any CPU
		{BA3A1CFF-F454-4640-B5FC-44CBD2CA4A7A}.Debug|x64.ActiveCfg = Debug|Any CPU
		{BA3A1CFF-F454-4640-B5FC-44CBD2CA4A7A}.Debug|x64.Build.0 = Debug|Any CPU
		{BA3A1CFF-F454-4640-B5FC-44CBD2CA4A7A}.Debug|x86.ActiveCfg = Debug|Any CPU
		{BA3A1CFF-F454-4640-B5FC-44CBD2CA4A7A}.Debug|x86.Build.0 = Debug|Any CPU
		{BA3A1CFF-F454-4640-B5FC-44CBD2CA4A7A}.Release|Any CPU.ActiveCfg = Release|Any CPU
		{BA3A1CFF-F454-4640-B5FC-44CBD2CA4A7A}.Release|Any CPU.Build.0 = Release|Any CPU
		{BA3A1CFF-F454-4640-B5FC-44CBD2CA4A7A}.Release|x64.ActiveCfg = Release|Any CPU
		{BA3A1CFF-F454-4640-B5FC-44CBD2CA4A7A}.Release|x64.Build.0 = Release|Any CPU
		{BA3A1CFF-F454-4640-B5FC-44CBD2CA4A7A}.Release|x86.ActiveCfg = Release|Any CPU
		{BA3A1CFF-F454-4640-B5FC-44CBD2CA4A7A}.Release|x86.Build.0 = Release|Any CPU
		{BE7B4DCA-F31D-4996-B799-F625DC6B1460}.Debug|Any CPU.ActiveCfg = Debug|Any CPU
		{BE7B4DCA-F31D-4996-B799-F625DC6B1460}.Debug|Any CPU.Build.0 = Debug|Any CPU
		{BE7B4DCA-F31D-4996-B799-F625DC6B1460}.Debug|x64.ActiveCfg = Debug|Any CPU
		{BE7B4DCA-F31D-4996-B799-F625DC6B1460}.Debug|x64.Build.0 = Debug|Any CPU
		{BE7B4DCA-F31D-4996-B799-F625DC6B1460}.Debug|x86.ActiveCfg = Debug|Any CPU
		{BE7B4DCA-F31D-4996-B799-F625DC6B1460}.Debug|x86.Build.0 = Debug|Any CPU
		{BE7B4DCA-F31D-4996-B799-F625DC6B1460}.Release|Any CPU.ActiveCfg = Release|Any CPU
		{BE7B4DCA-F31D-4996-B799-F625DC6B1460}.Release|Any CPU.Build.0 = Release|Any CPU
		{BE7B4DCA-F31D-4996-B799-F625DC6B1460}.Release|x64.ActiveCfg = Release|Any CPU
		{BE7B4DCA-F31D-4996-B799-F625DC6B1460}.Release|x64.Build.0 = Release|Any CPU
		{BE7B4DCA-F31D-4996-B799-F625DC6B1460}.Release|x86.ActiveCfg = Release|Any CPU
		{BE7B4DCA-F31D-4996-B799-F625DC6B1460}.Release|x86.Build.0 = Release|Any CPU
	EndGlobalSection
	GlobalSection(SolutionProperties) = preSolution
		HideSolutionNode = FALSE
	EndGlobalSection
	GlobalSection(NestedProjects) = preSolution
		{5394D566-69B2-4E01-8FD9-4D424508B500} = {827E0CD3-B72D-47B6-A68D-7590B98EB39B}
		{D2827D58-2A7C-464C-8C0F-F769C1E011E2} = {827E0CD3-B72D-47B6-A68D-7590B98EB39B}
		{444E4C71-1079-4F33-9921-3992FBE5A698} = {827E0CD3-B72D-47B6-A68D-7590B98EB39B}
		{BA3A1CFF-F454-4640-B5FC-44CBD2CA4A7A} = {827E0CD3-B72D-47B6-A68D-7590B98EB39B}
		{BE7B4DCA-F31D-4996-B799-F625DC6B1460} = {66320409-64EC-F7C5-3DEF-65E7510DAAD1}
	EndGlobalSection
EndGlobal
